
Microsoft Visual Studio Solution File, Format Version 12.00
# Visual Studio Version 17
VisualStudioVersion = 17.5.002.0
MinimumVisualStudioVersion = 10.0.40219.1
Project("{9A19103F-16F7-4668-BE54-9A1E7A4F7556}") = "SCPView_WinUI", "SCPView_WinUI.csproj", "{9D0640D4-A235-4B90-9FA1-AB65291A7967}"
EndProject
Global
	GlobalSection(SolutionConfigurationPlatforms) = preSolution
		Debug|Any CPU = Debug|Any CPU
		Release|Any CPU = Release|Any CPU
	EndGlobalSection
	GlobalSection(ProjectConfigurationPlatforms) = postSolution
		{9D0640D4-A235-4B90-9FA1-AB65291A7967}.Debug|Any CPU.ActiveCfg = Debug|Any CPU
		{9D0640D4-A235-4B90-9FA1-AB65291A7967}.Debug|Any CPU.Build.0 = Debug|Any CPU
		{9D0640D4-A235-4B90-9FA1-AB65291A7967}.Release|Any CPU.ActiveCfg = Release|Any CPU
		{9D0640D4-A235-4B90-9FA1-AB65291A7967}.Release|Any CPU.Build.0 = Release|Any CPU
	EndGlobalSection
	GlobalSection(SolutionProperties) = preSolution
		HideSolutionNode = FALSE
	EndGlobalSection
	GlobalSection(ExtensibilityGlobals) = postSolution
		SolutionGuid = {C2159D0E-2B66-413E-9881-3A3206952F19}
	EndGlobalSection
EndGlobal
